
Microsoft Visual Studio Solution File, Format Version 12.00
# Visual Studio Version 16
VisualStudioVersion = 16.0.30204.135
MinimumVisualStudioVersion = 10.0.40219.1
Project("{FAE04EC0-301F-11D3-BF4B-00C04F79EFBC}") = "CustardApi", "CustardApi\CustardApi.csproj", "{D1F98696-BDF3-46B7-9AC4-C35904CCCD5D}"
EndProject
Global
	GlobalSection(SolutionConfigurationPlatforms) = preSolution
		Debug|Any CPU = Debug|Any CPU
		Release|Any CPU = Release|Any CPU
	EndGlobalSection
	GlobalSection(ProjectConfigurationPlatforms) = postSolution
		{D1F98696-BDF3-46B7-9AC4-C35904CCCD5D}.Debug|Any CPU.ActiveCfg = Debug|Any CPU
		{D1F98696-BDF3-46B7-9AC4-C35904CCCD5D}.Debug|Any CPU.Build.0 = Debug|Any CPU
		{D1F98696-BDF3-46B7-9AC4-C35904CCCD5D}.Release|Any CPU.ActiveCfg = Release|Any CPU
		{D1F98696-BDF3-46B7-9AC4-C35904CCCD5D}.Release|Any CPU.Build.0 = Release|Any CPU
	EndGlobalSection
	GlobalSection(SolutionProperties) = preSolution
		HideSolutionNode = FALSE
	EndGlobalSection
	GlobalSection(ExtensibilityGlobals) = postSolution
		SolutionGuid = {0945199C-5A25-48C2-8881-0C19FBADABE9}
	EndGlobalSection
EndGlobal
